
Microsoft Visual Studio Solution File, Format Version 12.00
# Visual Studio Version 16
VisualStudioVersion = 16.0.30309.148
MinimumVisualStudioVersion = 10.0.40219.1
Project("{9A19103F-16F7-4668-BE54-9A1E7A4F7556}") = "NumberService", "NumberService.csproj", "{8FA25DE8-D07F-4C32-A1BF-62869974EECA}"
EndProject
Global
	GlobalSection(SolutionConfigurationPlatforms) = preSolution
		Debug|Any CPU = Debug|Any CPU
		Release|Any CPU = Release|Any CPU
	EndGlobalSection
	GlobalSection(ProjectConfigurationPlatforms) = postSolution
		{8FA25DE8-D07F-4C32-A1BF-62869974EECA}.Debug|Any CPU.ActiveCfg = Debug|Any CPU
		{8FA25DE8-D07F-4C32-A1BF-62869974EECA}.Debug|Any CPU.Build.0 = Debug|Any CPU
		{8FA25DE8-D07F-4C32-A1BF-62869974EECA}.Release|Any CPU.ActiveCfg = Release|Any CPU
		{8FA25DE8-D07F-4C32-A1BF-62869974EECA}.Release|Any CPU.Build.0 = Release|Any CPU
	EndGlobalSection
	GlobalSection(SolutionProperties) = preSolution
		HideSolutionNode = FALSE
	EndGlobalSection
	GlobalSection(ExtensibilityGlobals) = postSolution
		SolutionGuid = {AEECBAB9-8113-4F9B-97D0-771C42F7C1AD}
	EndGlobalSection
EndGlobal
